{
  "nodes": {
    "apartment-bot": {
      "inputs": {
        "nixpkgs": [
          "nixpkgs"
        ]
      },
      "locked": {
        "lastModified": 1777381905,
        "narHash": "sha256-NyHFh0/qEw48O7cZQGyDnVlN6O5Y0hIz6DMagXr2c8M=",
        "owner": "bobbe",
        "repo": "apartment-bot",
        "rev": "46ead1bfcfdb3fa0c422b4faeb21944639e8df05",
        "type": "gitlab"
      },
      "original": {
        "owner": "bobbe",
        "repo": "apartment-bot",
        "type": "gitlab"
      }
    },
    "autoaspm": {
      "inputs": {
        "nixpkgs": [
          "nixpkgs"
        ]
      },
      "locked": {
        "lastModified": 1767432031,
        "narHash": "sha256-ttfgUpC0C5XizuAD3lUE5fda5IeXvbedNcGtG2364IM=",
        "ref": "refs/heads/main",
        "rev": "11e921446423582836fb5b290e053fc7c6643efe",
        "revCount": 11,
        "type": "git",
        "url": "https://git.notthebe.ee/notthebee/AutoASPM"
      },
      "original": {
        "type": "git",
        "url": "https://git.notthebe.ee/notthebee/AutoASPM"
      }
    },
    "disko": {
      "inputs": {
        "nixpkgs": [
          "nixpkgs"
        ]
      },
      "locked": {
        "lastModified": 1777713215,
        "narHash": "sha256-8GzXDOXckDWwST8TY5DbwYFjdvQLlP7K9CLSVx6iTTo=",
        "owner": "nix-community",
        "repo": "disko",
        "rev": "63b4e7e6cf75307c1d26ac3762b886b5b0247267",
        "type": "github"
      },
      "original": {
        "owner": "nix-community",
        "repo": "disko",
        "type": "github"
      }
    },
    "home-manager": {
      "inputs": {
        "nixpkgs": [
          "nixos-core",
          "impermanence",
          "nixpkgs"
        ]
      },
      "locked": {
        "lastModified": 1747978958,
        "narHash": "sha256-pQQnbxWpY3IiZqgelXHIe/OAE/Yv4NSQq7fch7M6nXQ=",
        "owner": "nix-community",
        "repo": "home-manager",
        "rev": "7419250703fd5eb50e99bdfb07a86671939103ea",
        "type": "github"
      },
      "original": {
        "owner": "nix-community",
        "repo": "home-manager",
        "type": "github"
      }
    },
    "impermanence": {
      "inputs": {
        "home-manager": "home-manager",
        "nixpkgs": [
          "nixos-core",
          "nixpkgs"
        ]
      },
      "locked": {
        "lastModified": 1767822991,
        "narHash": "sha256-iyrn9AcPZCoyxX4OT8eMkBsjG7SRUQXXS/V1JzxS7rA=",
        "owner": "nix-community",
        "repo": "impermanence",
        "rev": "82e5bc4508cab9e8d5a136626276eb5bbce5e9c5",
        "type": "github"
      },
      "original": {
        "owner": "nix-community",
        "repo": "impermanence",
        "type": "github"
      }
    },
    "nix-index-database": {
      "inputs": {
        "nixpkgs": [
          "nixos-core",
          "nixpkgs"
        ]
      },
      "locked": {
        "lastModified": 1764475780,
        "narHash": "sha256-77jL5H5x51ksLiOUDjY0ZK8e2T4ZXLhj3ap8ETvknWI=",
        "owner": "nix-community",
        "repo": "nix-index-database",
        "rev": "5a3ff8c1a09003f399f43d5742d893c0b1ab8af0",
        "type": "github"
      },
      "original": {
        "owner": "nix-community",
        "repo": "nix-index-database",
        "type": "github"
      }
    },
    "nixos-core": {
      "inputs": {
        "impermanence": "impermanence",
        "nix-index-database": "nix-index-database",
        "nixpkgs": [
          "nixpkgs"
        ],
        "nixpkgs-unstable": [
          "nixpkgs-unstable"
        ]
      },
      "locked": {
        "lastModified": 1778235088,
        "narHash": "sha256-ftqAz+pxGX6e4+iHf6OEOi8I46w7/9jzHRDycn6g7Jc=",
        "owner": "30350n",
        "repo": "nixos-core",
        "rev": "37ca23c2b4ac47e9c4facbfa2a197e5adf5f89f6",
        "type": "github"
      },
      "original": {
        "owner": "30350n",
        "repo": "nixos-core",
        "type": "github"
      }
    },
    "nixpkgs": {
      "locked": {
        "lastModified": 1777673416,
        "narHash": "sha256-5c2POKPOjU40Kh0MirOdScBLG0bu9TAuPYAtPRNZMBs=",
        "owner": "nixos",
        "repo": "nixpkgs",
        "rev": "26ef669cffa904b6f6832ab57b77892a37c1a671",
        "type": "github"
      },
      "original": {
        "owner": "nixos",
        "ref": "nixos-25.11",
        "repo": "nixpkgs",
        "type": "github"
      }
    },
    "nixpkgs-inventree": {
      "locked": {
        "lastModified": 1776737218,
        "narHash": "sha256-/wNVHO3ndAU1tfTplIgEkjNSP1HP0NhRnSmWQv4WBqQ=",
        "owner": "kurogeek",
        "repo": "nixpkgs",
        "rev": "94bf1f4048ce5c26b3a7ed4777f42baf5f2bc082",
        "type": "github"
      },
      "original": {
        "owner": "kurogeek",
        "ref": "inventree",
        "repo": "nixpkgs",
        "type": "github"
      }
    },
    "nixpkgs-unstable": {
      "locked": {
        "lastModified": 1777388877,
        "narHash": "sha256-qQU+ZbPrpDK2vLEJ63pUDsEUtUpgdyFpqz/Nez5/4VU=",
        "owner": "30350n",
        "repo": "nixpkgs",
        "rev": "183ac51d1f7d559bfadefede0c1efb7a54d282a0",
        "type": "github"
      },
      "original": {
        "owner": "30350n",
        "ref": "inventree-1.3.0",
        "repo": "nixpkgs",
        "type": "github"
      }
    },
    "root": {
      "inputs": {
        "apartment-bot": "apartment-bot",
        "autoaspm": "autoaspm",
        "disko": "disko",
        "nixos-core": "nixos-core",
        "nixpkgs": "nixpkgs",
        "nixpkgs-inventree": "nixpkgs-inventree",
        "nixpkgs-unstable": "nixpkgs-unstable",
        "stevenblack-hosts": "stevenblack-hosts"
      }
    },
    "stevenblack-hosts": {
      "inputs": {
        "nixpkgs": [
          "nixpkgs"
        ]
      },
      "locked": {
        "lastModified": 1777292593,
        "narHash": "sha256-1G5VZu5r7vJXR4/vBNdoqd7qvJXVwg3Lc6GSk6HmyPo=",
        "owner": "30350n",
        "repo": "hosts",
        "rev": "66180dae893a1cadf1ef1da5cae5700f9a9ba33d",
        "type": "github"
      },
      "original": {
        "owner": "30350n",
        "ref": "unbound-confs-rework",
        "repo": "hosts",
        "type": "github"
      }
    }
  },
  "root": "root",
  "version": 7
}
